
Microsoft Visual Studio Solution File, Format Version 12.00
# Visual Studio Version 16
VisualStudioVersion = 16.0.29721.120
MinimumVisualStudioVersion = 10.0.40219.1
Project("{FAE04EC0-301F-11D3-BF4B-00C04F79EFBC}") = "Laba2.Runner", "Laba2.Runner.csproj", "{4AA4D457-6118-4910-ADFE-668AA0342F91}"
EndProject
Global
	GlobalSection(SolutionConfigurationPlatforms) = preSolution
		Debug|Any CPU = Debug|Any CPU
		Release|Any CPU = Release|Any CPU
	EndGlobalSection
	GlobalSection(ProjectConfigurationPlatforms) = postSolution
		{4AA4D457-6118-4910-ADFE-668AA0342F91}.Debug|Any CPU.ActiveCfg = Debug|Any CPU
		{4AA4D457-6118-4910-ADFE-668AA0342F91}.Debug|Any CPU.Build.0 = Debug|Any CPU
		{4AA4D457-6118-4910-ADFE-668AA0342F91}.Release|Any CPU.ActiveCfg = Release|Any CPU
		{4AA4D457-6118-4910-ADFE-668AA0342F91}.Release|Any CPU.Build.0 = Release|Any CPU
	EndGlobalSection
	GlobalSection(SolutionProperties) = preSolution
		HideSolutionNode = FALSE
	EndGlobalSection
	GlobalSection(ExtensibilityGlobals) = postSolution
		SolutionGuid = {3E7FD0A1-1EE1-42AF-893F-EF10B4B20CBA}
	EndGlobalSection
EndGlobal
